
Microsoft Visual Studio Solution File, Format Version 12.00
# Visual Studio Version 16
VisualStudioVersion = 16.0.28803.156
MinimumVisualStudioVersion = 10.0.40219.1
Project("{FAE04EC0-301F-11D3-BF4B-00C04F79EFBC}") = "ScriptHelper", "ScriptHelper.csproj", "{FB5509CB-B757-4546-B221-D536D71D195B}"
EndProject
Global
	GlobalSection(SolutionConfigurationPlatforms) = preSolution
		Debug|Any CPU = Debug|Any CPU
		Release|Any CPU = Release|Any CPU
	EndGlobalSection
	GlobalSection(ProjectConfigurationPlatforms) = postSolution
		{FB5509CB-B757-4546-B221-D536D71D195B}.Debug|Any CPU.ActiveCfg = Debug|Any CPU
		{FB5509CB-B757-4546-B221-D536D71D195B}.Debug|Any CPU.Build.0 = Debug|Any CPU
		{FB5509CB-B757-4546-B221-D536D71D195B}.Release|Any CPU.ActiveCfg = Release|Any CPU
		{FB5509CB-B757-4546-B221-D536D71D195B}.Release|Any CPU.Build.0 = Release|Any CPU
	EndGlobalSection
	GlobalSection(SolutionProperties) = preSolution
		HideSolutionNode = FALSE
	EndGlobalSection
	GlobalSection(ExtensibilityGlobals) = postSolution
		SolutionGuid = {37899FEB-CA35-462B-9574-89D24A26B532}
	EndGlobalSection
EndGlobal
